
Microsoft Visual Studio Solution File, Format Version 12.00
# Visual Studio Version 16
VisualStudioVersion = 16.0.34407.143
MinimumVisualStudioVersion = 10.0.40219.1
Project("{8BC9CEB8-8B4A-11D0-8D11-00A0C91BC942}") = "音乐播放器", "音乐播放器.vcxproj", "{EABAC22D-3E64-4C8B-BAF7-52DD8FAF520A}"
EndProject
Global
	GlobalSection(SolutionConfigurationPlatforms) = preSolution
		Debug|x64 = Debug|x64
		Debug|x86 = Debug|x86
		Release|x64 = Release|x64
		Release|x86 = Release|x86
	EndGlobalSection
	GlobalSection(ProjectConfigurationPlatforms) = postSolution
		{EABAC22D-3E64-4C8B-BAF7-52DD8FAF520A}.Debug|x64.ActiveCfg = Debug|Win32
		{EABAC22D-3E64-4C8B-BAF7-52DD8FAF520A}.Debug|x64.Build.0 = Debug|Win32
		{EABAC22D-3E64-4C8B-BAF7-52DD8FAF520A}.Debug|x86.ActiveCfg = Debug|Win32
		{EABAC22D-3E64-4C8B-BAF7-52DD8FAF520A}.Debug|x86.Build.0 = Debug|Win32
		{EABAC22D-3E64-4C8B-BAF7-52DD8FAF520A}.Release|x64.ActiveCfg = Release|x64
		{EABAC22D-3E64-4C8B-BAF7-52DD8FAF520A}.Release|x64.Build.0 = Release|x64
		{EABAC22D-3E64-4C8B-BAF7-52DD8FAF520A}.Release|x86.ActiveCfg = Release|Win32
		{EABAC22D-3E64-4C8B-BAF7-52DD8FAF520A}.Release|x86.Build.0 = Release|Win32
	EndGlobalSection
	GlobalSection(SolutionProperties) = preSolution
		HideSolutionNode = FALSE
	EndGlobalSection
	GlobalSection(ExtensibilityGlobals) = postSolution
		SolutionGuid = {FE8BD4B9-1CE1-4D87-9AD7-5529322A24CA}
	EndGlobalSection
EndGlobal
